{"version":4,"terraform_version":"1.8.6","serial":1,"lineage":"a831cef5-959d-4b7d-8e95-ce99df171c0a","outputs":{},"resources":[{"mode":"managed","type":"grafana_folder","name":"incidents","provider":"provider[\"registry.opentofu.org/grafana/grafana\"]","instances":[{"schema_version":0,"attributes":{"id":"0:bfluojl7fyvpdb","org_id":"0","parent_folder_uid":"","prevent_destroy_if_not_empty":false,"title":"Veridian — Incidents \u0026 alertes","uid":"bfluojl7fyvpdb","url":"https://brunon5robert.grafana.net/dashboards/f/bfluojl7fyvpdb/veridian-e28094-incidents-and-alertes"},"sensitive_attributes":[],"private":"bnVsbA=="}]},{"mode":"managed","type":"grafana_folder","name":"infra","provider":"provider[\"registry.opentofu.org/grafana/grafana\"]","instances":[{"schema_version":0,"attributes":{"id":"0:afluojpkrknpcb","org_id":"0","parent_folder_uid":"","prevent_destroy_if_not_empty":false,"title":"Veridian — Infra","uid":"afluojpkrknpcb","url":"https://brunon5robert.grafana.net/dashboards/f/afluojpkrknpcb/veridian-e28094-infra"},"sensitive_attributes":[],"private":"bnVsbA=="}]},{"mode":"managed","type":"grafana_folder","name":"saas","provider":"provider[\"registry.opentofu.org/grafana/grafana\"]","instances":[{"schema_version":0,"attributes":{"id":"0:cfluojple1qtcd","org_id":"0","parent_folder_uid":"","prevent_destroy_if_not_empty":false,"title":"Veridian — SaaS","uid":"cfluojple1qtcd","url":"https://brunon5robert.grafana.net/dashboards/f/cfluojple1qtcd/veridian-e28094-saas"},"sensitive_attributes":[],"private":"bnVsbA=="}]}],"check_results":null}
